{
  "name": "2020-second-wave",
  "version": "1.0.0",
  "lockfileVersion": 1,
  "requires": true,
  "dependencies": {
    "@turf/distance": {
      "version": "6.0.1",
      "resolved": "https://registry.npmjs.org/@turf/distance/-/distance-6.0.1.tgz",
      "integrity": "sha512-q7t7rWIWfkg7MP1Vt4uLjSEhe5rPfCO2JjpKmk7JC+QZKEQkuvHEqy3ejW1iC7Kw5ZcZNR3qdMGGz+6HnVwqvg==",
      "requires": {
        "@turf/helpers": "6.x",
        "@turf/invariant": "6.x"
      }
    },
    "@turf/helpers": {
      "version": "6.1.4",
      "resolved": "https://registry.npmjs.org/@turf/helpers/-/helpers-6.1.4.tgz",
      "integrity": "sha512-vJvrdOZy1ngC7r3MDA7zIGSoIgyrkWcGnNIEaqn/APmw+bVLF2gAW7HIsdTxd12s5wQMqEpqIQrmrbRRZ0xC7g=="
    },
    "@turf/invariant": {
      "version": "6.1.2",
      "resolved": "https://registry.npmjs.org/@turf/invariant/-/invariant-6.1.2.tgz",
      "integrity": "sha512-WU08Ph8j0J2jVGlQCKChXoCtI50BB3yEH21V++V0T4cR1T27HKCxkehV2sYMwTierfMBgjwSwDIsxnR4/2mWXg==",
      "requires": {
        "@turf/helpers": "6.x"
      }
    },
    "commander": {
      "version": "2.20.3",
      "resolved": "https://registry.npmjs.org/commander/-/commander-2.20.3.tgz",
      "integrity": "sha512-GpVkmM8vF2vQUkj2LvZmD35JxeJOLCwJ9cUkugyk2nuhbv3+mJvpLYYt+0+USMxE+oj+ey/lJEnhZw75x/OMcQ=="
    },
    "topojson": {
      "version": "3.0.2",
      "resolved": "https://registry.npmjs.org/topojson/-/topojson-3.0.2.tgz",
      "integrity": "sha512-u3zeuL6WEVL0dmsRn7uHZKc4Ao4gpW3sORUv+N3ezLTvY3JdCuyg0hvpWiIfFw8p/JwVN++SvAsFgcFEeR15rQ==",
      "requires": {
        "topojson-client": "3.0.0",
        "topojson-server": "3.0.0",
        "topojson-simplify": "3.0.2"
      },
      "dependencies": {
        "topojson-client": {
          "version": "3.0.0",
          "resolved": "https://registry.npmjs.org/topojson-client/-/topojson-client-3.0.0.tgz",
          "integrity": "sha1-H5kpOnfvQqRI0DKoGqmCtz82DS8=",
          "requires": {
            "commander": "2"
          }
        },
        "topojson-server": {
          "version": "3.0.0",
          "resolved": "https://registry.npmjs.org/topojson-server/-/topojson-server-3.0.0.tgz",
          "integrity": "sha1-N4546Hw5cqe1vixdYENptrrmnF4=",
          "requires": {
            "commander": "2"
          }
        },
        "topojson-simplify": {
          "version": "3.0.2",
          "resolved": "https://registry.npmjs.org/topojson-simplify/-/topojson-simplify-3.0.2.tgz",
          "integrity": "sha512-gyYSVRt4jO/0RJXKZQPzTDQRWV+D/nOfiljNUv0HBXslFLtq3yxRHrl7jbrjdbda5Ytdr7M8BZUI4OxU7tnbRQ==",
          "requires": {
            "commander": "2",
            "topojson-client": "3"
          }
        }
      }
    }
  }
}
